
Microsoft Visual Studio Solution File, Format Version 12.00
# Visual Studio Version 16
VisualStudioVersion = 16.0.29424.173
MinimumVisualStudioVersion = 10.0.40219.1
Project("{9A19103F-16F7-4668-BE54-9A1E7A4F7556}") = "Zio", "Zio\Zio.csproj", "{16881878-1C68-4D4F-93A2-584D7A721369}"
EndProject
Project("{FAE04EC0-301F-11D3-BF4B-00C04F79EFBC}") = "Zio.Tests", "Zio.Tests\Zio.Tests.csproj", "{B0997C06-DE9D-420B-9BB7-D12B54132B4C}"
EndProject
Global
	GlobalSection(SolutionConfigurationPlatforms) = preSolution
		Debug|Any CPU = Debug|Any CPU
		Release|Any CPU = Release|Any CPU
	EndGlobalSection
	GlobalSection(ProjectConfigurationPlatforms) = postSolution
		{16881878-1C68-4D4F-93A2-584D7A721369}.Debug|Any CPU.ActiveCfg = Debug|Any CPU
		{16881878-1C68-4D4F-93A2-584D7A721369}.Debug|Any CPU.Build.0 = Debug|Any CPU
		{16881878-1C68-4D4F-93A2-584D7A721369}.Release|Any CPU.ActiveCfg = Release|Any CPU
		{16881878-1C68-4D4F-93A2-584D7A721369}.Release|Any CPU.Build.0 = Release|Any CPU
		{B0997C06-DE9D-420B-9BB7-D12B54132B4C}.Debug|Any CPU.ActiveCfg = Debug|Any CPU
		{B0997C06-DE9D-420B-9BB7-D12B54132B4C}.Debug|Any CPU.Build.0 = Debug|Any CPU
		{B0997C06-DE9D-420B-9BB7-D12B54132B4C}.Release|Any CPU.ActiveCfg = Release|Any CPU
		{B0997C06-DE9D-420B-9BB7-D12B54132B4C}.Release|Any CPU.Build.0 = Release|Any CPU
	EndGlobalSection
	GlobalSection(SolutionProperties) = preSolution
		HideSolutionNode = FALSE
	EndGlobalSection
	GlobalSection(ExtensibilityGlobals) = postSolution
		SolutionGuid = {0C21DEBD-B2FD-405F-A0C0-5E3C658F2D10}
	EndGlobalSection
EndGlobal
